
Microsoft Visual Studio Solution File, Format Version 12.00
# Visual Studio Version 16
VisualStudioVersion = 16.0.31424.327
MinimumVisualStudioVersion = 10.0.40219.1
Project("{FAE04EC0-301F-11D3-BF4B-00C04F79EFBC}") = "ICRUDABLE-App", "ICRUDABLE-App\ICRUDABLE-App.csproj", "{8BEE458B-B287-47E6-800D-9017737FD06A}"
EndProject
Global
	GlobalSection(SolutionConfigurationPlatforms) = preSolution
		Debug|Any CPU = Debug|Any CPU
		Release|Any CPU = Release|Any CPU
	EndGlobalSection
	GlobalSection(ProjectConfigurationPlatforms) = postSolution
		{8BEE458B-B287-47E6-800D-9017737FD06A}.Debug|Any CPU.ActiveCfg = Debug|Any CPU
		{8BEE458B-B287-47E6-800D-9017737FD06A}.Debug|Any CPU.Build.0 = Debug|Any CPU
		{8BEE458B-B287-47E6-800D-9017737FD06A}.Release|Any CPU.ActiveCfg = Release|Any CPU
		{8BEE458B-B287-47E6-800D-9017737FD06A}.Release|Any CPU.Build.0 = Release|Any CPU
	EndGlobalSection
	GlobalSection(SolutionProperties) = preSolution
		HideSolutionNode = FALSE
	EndGlobalSection
	GlobalSection(ExtensibilityGlobals) = postSolution
		SolutionGuid = {79C5D68A-CE3B-40A6-A47F-E3C802885F7B}
	EndGlobalSection
EndGlobal
