
Microsoft Visual Studio Solution File, Format Version 12.00
# Visual Studio Version 16
VisualStudioVersion = 16.0.31424.327
MinimumVisualStudioVersion = 10.0.40219.1
Project("{FAE04EC0-301F-11D3-BF4B-00C04F79EFBC}") = "CommandApp", "CommandApp\CommandApp.csproj", "{751B5BEE-87C1-4606-916E-DB750C5DB41F}"
EndProject
Global
	GlobalSection(SolutionConfigurationPlatforms) = preSolution
		Debug|Any CPU = Debug|Any CPU
		Release|Any CPU = Release|Any CPU
	EndGlobalSection
	GlobalSection(ProjectConfigurationPlatforms) = postSolution
		{751B5BEE-87C1-4606-916E-DB750C5DB41F}.Debug|Any CPU.ActiveCfg = Debug|Any CPU
		{751B5BEE-87C1-4606-916E-DB750C5DB41F}.Debug|Any CPU.Build.0 = Debug|Any CPU
		{751B5BEE-87C1-4606-916E-DB750C5DB41F}.Release|Any CPU.ActiveCfg = Release|Any CPU
		{751B5BEE-87C1-4606-916E-DB750C5DB41F}.Release|Any CPU.Build.0 = Release|Any CPU
	EndGlobalSection
	GlobalSection(SolutionProperties) = preSolution
		HideSolutionNode = FALSE
	EndGlobalSection
	GlobalSection(ExtensibilityGlobals) = postSolution
		SolutionGuid = {E8459B2E-079C-49ED-BFC7-4857169EF460}
	EndGlobalSection
EndGlobal
