
Microsoft Visual Studio Solution File, Format Version 12.00
# Visual Studio Version 16
VisualStudioVersion = 16.0.31424.327
MinimumVisualStudioVersion = 10.0.40219.1
Project("{FAE04EC0-301F-11D3-BF4B-00C04F79EFBC}") = "Employee Data Analyzer App", "Employee Data Analyzer App\Employee Data Analyzer App.csproj", "{34898525-203B-4FD6-919A-85B2B78618CE}"
EndProject
Global
	GlobalSection(SolutionConfigurationPlatforms) = preSolution
		Debug|Any CPU = Debug|Any CPU
		Release|Any CPU = Release|Any CPU
	EndGlobalSection
	GlobalSection(ProjectConfigurationPlatforms) = postSolution
		{34898525-203B-4FD6-919A-85B2B78618CE}.Debug|Any CPU.ActiveCfg = Debug|Any CPU
		{34898525-203B-4FD6-919A-85B2B78618CE}.Debug|Any CPU.Build.0 = Debug|Any CPU
		{34898525-203B-4FD6-919A-85B2B78618CE}.Release|Any CPU.ActiveCfg = Release|Any CPU
		{34898525-203B-4FD6-919A-85B2B78618CE}.Release|Any CPU.Build.0 = Release|Any CPU
	EndGlobalSection
	GlobalSection(SolutionProperties) = preSolution
		HideSolutionNode = FALSE
	EndGlobalSection
	GlobalSection(ExtensibilityGlobals) = postSolution
		SolutionGuid = {742FE7E7-4374-4994-B64B-02525E5DBCBA}
	EndGlobalSection
EndGlobal
