
Microsoft Visual Studio Solution File, Format Version 12.00
# Visual Studio Version 16
VisualStudioVersion = 16.0.31424.327
MinimumVisualStudioVersion = 10.0.40219.1
Project("{FAE04EC0-301F-11D3-BF4B-00C04F79EFBC}") = "FileSystemLinqApp", "FileSystemLinqApp\FileSystemLinqApp.csproj", "{CE12810C-115C-4802-9E5F-90399C83AF95}"
EndProject
Global
	GlobalSection(SolutionConfigurationPlatforms) = preSolution
		Debug|Any CPU = Debug|Any CPU
		Release|Any CPU = Release|Any CPU
	EndGlobalSection
	GlobalSection(ProjectConfigurationPlatforms) = postSolution
		{CE12810C-115C-4802-9E5F-90399C83AF95}.Debug|Any CPU.ActiveCfg = Debug|Any CPU
		{CE12810C-115C-4802-9E5F-90399C83AF95}.Debug|Any CPU.Build.0 = Debug|Any CPU
		{CE12810C-115C-4802-9E5F-90399C83AF95}.Release|Any CPU.ActiveCfg = Release|Any CPU
		{CE12810C-115C-4802-9E5F-90399C83AF95}.Release|Any CPU.Build.0 = Release|Any CPU
	EndGlobalSection
	GlobalSection(SolutionProperties) = preSolution
		HideSolutionNode = FALSE
	EndGlobalSection
	GlobalSection(ExtensibilityGlobals) = postSolution
		SolutionGuid = {A3660041-ECDC-4D48-B48A-7A46C36C3ED4}
	EndGlobalSection
EndGlobal
