
Microsoft Visual Studio Solution File, Format Version 12.00
# Visual Studio Version 16
VisualStudioVersion = 16.0.31424.327
MinimumVisualStudioVersion = 10.0.40219.1
Project("{FAE04EC0-301F-11D3-BF4B-00C04F79EFBC}") = "Employee_Polymorphism_Http_Doc", "Employee_Polymorphism_Http_Doc\Employee_Polymorphism_Http_Doc.csproj", "{E71C2573-153C-4474-BEF6-2C0474371332}"
EndProject
Global
	GlobalSection(SolutionConfigurationPlatforms) = preSolution
		Debug|Any CPU = Debug|Any CPU
		Release|Any CPU = Release|Any CPU
	EndGlobalSection
	GlobalSection(ProjectConfigurationPlatforms) = postSolution
		{E71C2573-153C-4474-BEF6-2C0474371332}.Debug|Any CPU.ActiveCfg = Debug|Any CPU
		{E71C2573-153C-4474-BEF6-2C0474371332}.Debug|Any CPU.Build.0 = Debug|Any CPU
		{E71C2573-153C-4474-BEF6-2C0474371332}.Release|Any CPU.ActiveCfg = Release|Any CPU
		{E71C2573-153C-4474-BEF6-2C0474371332}.Release|Any CPU.Build.0 = Release|Any CPU
	EndGlobalSection
	GlobalSection(SolutionProperties) = preSolution
		HideSolutionNode = FALSE
	EndGlobalSection
	GlobalSection(ExtensibilityGlobals) = postSolution
		SolutionGuid = {33E90732-6A3C-41A0-A1FC-C8EB8AC348B2}
	EndGlobalSection
EndGlobal
