
Microsoft Visual Studio Solution File, Format Version 12.00
# Visual Studio Version 16
VisualStudioVersion = 16.0.31424.327
MinimumVisualStudioVersion = 10.0.40219.1
Project("{FAE04EC0-301F-11D3-BF4B-00C04F79EFBC}") = "LinqStudentApp", "LinqStudentApp\LinqStudentApp.csproj", "{5DB1EB31-FDA2-4C07-A7CD-1BA68F9711F7}"
EndProject
Global
	GlobalSection(SolutionConfigurationPlatforms) = preSolution
		Debug|Any CPU = Debug|Any CPU
		Release|Any CPU = Release|Any CPU
	EndGlobalSection
	GlobalSection(ProjectConfigurationPlatforms) = postSolution
		{5DB1EB31-FDA2-4C07-A7CD-1BA68F9711F7}.Debug|Any CPU.ActiveCfg = Debug|Any CPU
		{5DB1EB31-FDA2-4C07-A7CD-1BA68F9711F7}.Debug|Any CPU.Build.0 = Debug|Any CPU
		{5DB1EB31-FDA2-4C07-A7CD-1BA68F9711F7}.Release|Any CPU.ActiveCfg = Release|Any CPU
		{5DB1EB31-FDA2-4C07-A7CD-1BA68F9711F7}.Release|Any CPU.Build.0 = Release|Any CPU
	EndGlobalSection
	GlobalSection(SolutionProperties) = preSolution
		HideSolutionNode = FALSE
	EndGlobalSection
	GlobalSection(ExtensibilityGlobals) = postSolution
		SolutionGuid = {E77CB61F-CBFD-47C2-A4DA-2B1D9802EE24}
	EndGlobalSection
EndGlobal
