
Microsoft Visual Studio Solution File, Format Version 12.00
# Visual Studio Version 16
VisualStudioVersion = 16.0.31424.327
MinimumVisualStudioVersion = 10.0.40219.1
Project("{FAE04EC0-301F-11D3-BF4B-00C04F79EFBC}") = "ConsoleApp1", "ConsoleApp1\ConsoleApp1.csproj", "{43D71507-2053-497B-942C-63816FCDB730}"
EndProject
Global
	GlobalSection(SolutionConfigurationPlatforms) = preSolution
		Debug|Any CPU = Debug|Any CPU
		Release|Any CPU = Release|Any CPU
	EndGlobalSection
	GlobalSection(ProjectConfigurationPlatforms) = postSolution
		{43D71507-2053-497B-942C-63816FCDB730}.Debug|Any CPU.ActiveCfg = Debug|Any CPU
		{43D71507-2053-497B-942C-63816FCDB730}.Debug|Any CPU.Build.0 = Debug|Any CPU
		{43D71507-2053-497B-942C-63816FCDB730}.Release|Any CPU.ActiveCfg = Release|Any CPU
		{43D71507-2053-497B-942C-63816FCDB730}.Release|Any CPU.Build.0 = Release|Any CPU
	EndGlobalSection
	GlobalSection(SolutionProperties) = preSolution
		HideSolutionNode = FALSE
	EndGlobalSection
	GlobalSection(ExtensibilityGlobals) = postSolution
		SolutionGuid = {07529C7B-425A-408A-907A-1A86CA761308}
	EndGlobalSection
EndGlobal
