
Microsoft Visual Studio Solution File, Format Version 12.00
# Visual Studio Version 16
VisualStudioVersion = 16.0.31424.327
MinimumVisualStudioVersion = 10.0.40219.1
Project("{FAE04EC0-301F-11D3-BF4B-00C04F79EFBC}") = "ADO", "ADO\ADO.csproj", "{1AE1D255-EFF2-458F-989B-EF63C0CF2875}"
EndProject
Global
	GlobalSection(SolutionConfigurationPlatforms) = preSolution
		Debug|Any CPU = Debug|Any CPU
		Release|Any CPU = Release|Any CPU
	EndGlobalSection
	GlobalSection(ProjectConfigurationPlatforms) = postSolution
		{1AE1D255-EFF2-458F-989B-EF63C0CF2875}.Debug|Any CPU.ActiveCfg = Debug|Any CPU
		{1AE1D255-EFF2-458F-989B-EF63C0CF2875}.Debug|Any CPU.Build.0 = Debug|Any CPU
		{1AE1D255-EFF2-458F-989B-EF63C0CF2875}.Release|Any CPU.ActiveCfg = Release|Any CPU
		{1AE1D255-EFF2-458F-989B-EF63C0CF2875}.Release|Any CPU.Build.0 = Release|Any CPU
	EndGlobalSection
	GlobalSection(SolutionProperties) = preSolution
		HideSolutionNode = FALSE
	EndGlobalSection
	GlobalSection(ExtensibilityGlobals) = postSolution
		SolutionGuid = {58CDEB41-F9B9-4BEC-A56E-CB093F030746}
	EndGlobalSection
EndGlobal
