
Microsoft Visual Studio Solution File, Format Version 12.00
# Visual Studio Version 16
VisualStudioVersion = 16.0.31424.327
MinimumVisualStudioVersion = 10.0.40219.1
Project("{FAE04EC0-301F-11D3-BF4B-00C04F79EFBC}") = "ContactCoreLib", "ContactDll\ContactCoreLib.csproj", "{5431C2E7-E718-4041-9908-6DAF11DA7081}"
EndProject
Project("{FAE04EC0-301F-11D3-BF4B-00C04F79EFBC}") = "ContactAppUI", "ContactAppUI\ContactAppUI.csproj", "{B07D21BD-DACD-49A9-A36D-AD9B7A6745BF}"
EndProject
Global
	GlobalSection(SolutionConfigurationPlatforms) = preSolution
		Debug|Any CPU = Debug|Any CPU
		Release|Any CPU = Release|Any CPU
	EndGlobalSection
	GlobalSection(ProjectConfigurationPlatforms) = postSolution
		{5431C2E7-E718-4041-9908-6DAF11DA7081}.Debug|Any CPU.ActiveCfg = Debug|Any CPU
		{5431C2E7-E718-4041-9908-6DAF11DA7081}.Debug|Any CPU.Build.0 = Debug|Any CPU
		{5431C2E7-E718-4041-9908-6DAF11DA7081}.Release|Any CPU.ActiveCfg = Release|Any CPU
		{5431C2E7-E718-4041-9908-6DAF11DA7081}.Release|Any CPU.Build.0 = Release|Any CPU
		{B07D21BD-DACD-49A9-A36D-AD9B7A6745BF}.Debug|Any CPU.ActiveCfg = Debug|Any CPU
		{B07D21BD-DACD-49A9-A36D-AD9B7A6745BF}.Debug|Any CPU.Build.0 = Debug|Any CPU
		{B07D21BD-DACD-49A9-A36D-AD9B7A6745BF}.Release|Any CPU.ActiveCfg = Release|Any CPU
		{B07D21BD-DACD-49A9-A36D-AD9B7A6745BF}.Release|Any CPU.Build.0 = Release|Any CPU
	EndGlobalSection
	GlobalSection(SolutionProperties) = preSolution
		HideSolutionNode = FALSE
	EndGlobalSection
	GlobalSection(ExtensibilityGlobals) = postSolution
		SolutionGuid = {F0AF4CB8-F8C0-4F5E-AEBC-F66DF02EFEB5}
	EndGlobalSection
EndGlobal
